// !$*UTF8*$!
{
	archiveVersion = 1;
	classes = {
	};
	objectVersion = 46;
	objects = {

/* Begin PBXBuildFile section */
		D887CED01ED4A0BE003154C7 /* AppDelegate.swift in Sources */ = {isa = PBXBuildFile; fileRef = D887CECF1ED4A0BE003154C7 /* AppDelegate.swift */; };
		D887CED21ED4A0BE003154C7 /* ViewController.swift in Sources */ = {isa = PBXBuildFile; fileRef = D887CED11ED4A0BE003154C7 /* ViewController.swift */; };
		D887CED51ED4A0BE003154C7 /* Main.storyboard in Resources */ = {isa = PBXBuildFile; fileRef = D887CED31ED4A0BE003154C7 /* Main.storyboard */; };
		D887CED71ED4A0BE003154C7 /* Assets.xcassets in Resources */ = {isa = PBXBuildFile; fileRef = D887CED61ED4A0BE003154C7 /* Assets.xcassets */; };
		D887CEDA1ED4A0BE003154C7 /* LaunchScreen.storyboard in Resources */ = {isa = PBXBuildFile; fileRef = D887CED81ED4A0BE003154C7 /* LaunchScreen.storyboard */; };
		D887CEEE1ED4A189003154C7 /* dropdown.png in Resources */ = {isa = PBXBuildFile; fileRef = D887CEE31ED4A189003154C7 /* dropdown.png */; };
		D887CEEF1ED4A189003154C7 /* dropdown@2x.png in Resources */ = {isa = PBXBuildFile; fileRef = D887CEE41ED4A189003154C7 /* dropdown@2x.png */; };
		D887CEF01ED4A189003154C7 /* dropdown@3x.png in Resources */ = {isa = PBXBuildFile; fileRef = D887CEE51ED4A189003154C7 /* dropdown@3x.png */; };
		D887CEF11ED4A189003154C7 /* invisible.png in Resources */ = {isa = PBXBuildFile; fileRef = D887CEE61ED4A189003154C7 /* invisible.png */; };
		D887CEF21ED4A189003154C7 /* invisible@2x.png in Resources */ = {isa = PBXBuildFile; fileRef = D887CEE71ED4A189003154C7 /* invisible@2x.png */; };
		D887CEF31ED4A189003154C7 /* invisible@3x.png in Resources */ = {isa = PBXBuildFile; fileRef = D887CEE81ED4A189003154C7 /* invisible@3x.png */; };
		D887CEF41ED4A189003154C7 /* visible.png in Resources */ = {isa = PBXBuildFile; fileRef = D887CEE91ED4A189003154C7 /* visible.png */; };
		D887CEF51ED4A189003154C7 /* visible@2x.png in Resources */ = {isa = PBXBuildFile; fileRef = D887CEEA1ED4A189003154C7 /* visible@2x.png */; };
		D887CEF61ED4A189003154C7 /* visible@3x.png in Resources */ = {isa = PBXBuildFile; fileRef = D887CEEB1ED4A189003154C7 /* visible@3x.png */; };
		D887CEF71ED4A189003154C7 /* UIDropdownTextField.swift in Sources */ = {isa = PBXBuildFile; fileRef = D887CEEC1ED4A189003154C7 /* UIDropdownTextField.swift */; };
		D887CEF81ED4A189003154C7 /* UIFloatPHTextfield.swift in Sources */ = {isa = PBXBuildFile; fileRef = D887CEED1ED4A189003154C7 /* UIFloatPHTextfield.swift */; };
		D887CEFB1ED57173003154C7 /* Default@2x.png in Resources */ = {isa = PBXBuildFile; fileRef = D887CEF91ED57173003154C7 /* Default@2x.png */; };
		D887CEFC1ED57173003154C7 /* Default-568h@2x.png in Resources */ = {isa = PBXBuildFile; fileRef = D887CEFA1ED57173003154C7 /* Default-568h@2x.png */; };
/* End PBXBuildFile section */

/* Begin PBXFileReference section */
		D887CECC1ED4A0BD003154C7 /* UIFloatPHTextField.app */ = {isa = PBXFileReference; explicitFileType = wrapper.application; includeInIndex = 0; path = UIFloatPHTextField.app; sourceTree = BUILT_PRODUCTS_DIR; };
		D887CECF1ED4A0BE003154C7 /* AppDelegate.swift */ = {isa = PBXFileReference; lastKnownFileType = sourcecode.swift; path = AppDelegate.swift; sourceTree = "<group>"; };
		D887CED11ED4A0BE003154C7 /* ViewController.swift */ = {isa = PBXFileReference; lastKnownFileType = sourcecode.swift; path = ViewController.swift; sourceTree = "<group>"; };
		D887CED41ED4A0BE003154C7 /* Base */ = {isa = PBXFileReference; lastKnownFileType = file.storyboard; name = Base; path = Base.lproj/Main.storyboard; sourceTree = "<group>"; };
		D887CED61ED4A0BE003154C7 /* Assets.xcassets */ = {isa = PBXFileReference; lastKnownFileType = folder.assetcatalog; path = Assets.xcassets; sourceTree = "<group>"; };
		D887CED91ED4A0BE003154C7 /* Base */ = {isa = PBXFileReference; lastKnownFileType = file.storyboard; name = Base; path = Base.lproj/LaunchScreen.storyboard; sourceTree = "<group>"; };
		D887CEDB1ED4A0BE003154C7 /* Info.plist */ = {isa = PBXFileReference; lastKnownFileType = text.plist.xml; path = Info.plist; sourceTree = "<group>"; };
		D887CEE31ED4A189003154C7 /* dropdown.png */ = {isa = PBXFileReference; lastKnownFileType = image.png; path = dropdown.png; sourceTree = "<group>"; };
		D887CEE41ED4A189003154C7 /* dropdown@2x.png */ = {isa = PBXFileReference; lastKnownFileType = image.png; path = "dropdown@2x.png"; sourceTree = "<group>"; };
		D887CEE51ED4A189003154C7 /* dropdown@3x.png */ = {isa = PBXFileReference; lastKnownFileType = image.png; path = "dropdown@3x.png"; sourceTree = "<group>"; };
		D887CEE61ED4A189003154C7 /* invisible.png */ = {isa = PBXFileReference; lastKnownFileType = image.png; path = invisible.png; sourceTree = "<group>"; };
		D887CEE71ED4A189003154C7 /* invisible@2x.png */ = {isa = PBXFileReference; lastKnownFileType = image.png; path = "invisible@2x.png"; sourceTree = "<group>"; };
		D887CEE81ED4A189003154C7 /* invisible@3x.png */ = {isa = PBXFileReference; lastKnownFileType = image.png; path = "invisible@3x.png"; sourceTree = "<group>"; };
		D887CEE91ED4A189003154C7 /* visible.png */ = {isa = PBXFileReference; lastKnownFileType = image.png; path = visible.png; sourceTree = "<group>"; };
		D887CEEA1ED4A189003154C7 /* visible@2x.png */ = {isa = PBXFileReference; lastKnownFileType = image.png; path = "visible@2x.png"; sourceTree = "<group>"; };
		D887CEEB1ED4A189003154C7 /* visible@3x.png */ = {isa = PBXFileReference; lastKnownFileType = image.png; path = "visible@3x.png"; sourceTree = "<group>"; };
		D887CEEC1ED4A189003154C7 /* UIDropdownTextField.swift */ = {isa = PBXFileReference; fileEncoding = 4; lastKnownFileType = sourcecode.swift; path = UIDropdownTextField.swift; sourceTree = "<group>"; };
		D887CEED1ED4A189003154C7 /* UIFloatPHTextfield.swift */ = {isa = PBXFileReference; fileEncoding = 4; lastKnownFileType = sourcecode.swift; path = UIFloatPHTextfield.swift; sourceTree = "<group>"; };
		D887CEF91ED57173003154C7 /* Default@2x.png */ = {isa = PBXFileReference; lastKnownFileType = image.png; path = "Default@2x.png"; sourceTree = "<group>"; };
		D887CEFA1ED57173003154C7 /* Default-568h@2x.png */ = {isa = PBXFileReference; lastKnownFileType = image.png; path = "Default-568h@2x.png"; sourceTree = "<group>"; };
/* End PBXFileReference section */

/* Begin PBXFrameworksBuildPhase section */
		D887CEC91ED4A0BD003154C7 /* Frameworks */ = {
			isa = PBXFrameworksBuildPhase;
			buildActionMask = 2147483647;
			files = (
			);
			runOnlyForDeploymentPostprocessing = 0;
		};
/* End PBXFrameworksBuildPhase section */

/* Begin PBXGroup section */
		D887CEC31ED4A0BD003154C7 = {
			isa = PBXGroup;
			children = (
				D887CECE1ED4A0BD003154C7 /* UIFloatPHTextField */,
				D887CECD1ED4A0BD003154C7 /* Products */,
			);
			sourceTree = "<group>";
		};
		D887CECD1ED4A0BD003154C7 /* Products */ = {
			isa = PBXGroup;
			children = (
				D887CECC1ED4A0BD003154C7 /* UIFloatPHTextField.app */,
			);
			name = Products;
			sourceTree = "<group>";
		};
		D887CECE1ED4A0BD003154C7 /* UIFloatPHTextField */ = {
			isa = PBXGroup;
			children = (
				D887CEE11ED4A189003154C7 /* Resources */,
				D887CEF91ED57173003154C7 /* Default@2x.png */,
				D887CEFA1ED57173003154C7 /* Default-568h@2x.png */,
				D887CEEC1ED4A189003154C7 /* UIDropdownTextField.swift */,
				D887CEED1ED4A189003154C7 /* UIFloatPHTextfield.swift */,
				D887CECF1ED4A0BE003154C7 /* AppDelegate.swift */,
				D887CED11ED4A0BE003154C7 /* ViewController.swift */,
				D887CED31ED4A0BE003154C7 /* Main.storyboard */,
				D887CED61ED4A0BE003154C7 /* Assets.xcassets */,
				D887CED81ED4A0BE003154C7 /* LaunchScreen.storyboard */,
				D887CEDB1ED4A0BE003154C7 /* Info.plist */,
			);
			path = UIFloatPHTextField;
			sourceTree = "<group>";
		};
		D887CEE11ED4A189003154C7 /* Resources */ = {
			isa = PBXGroup;
			children = (
				D887CEE21ED4A189003154C7 /* Images */,
			);
			path = Resources;
			sourceTree = "<group>";
		};
		D887CEE21ED4A189003154C7 /* Images */ = {
			isa = PBXGroup;
			children = (
				D887CEE31ED4A189003154C7 /* dropdown.png */,
				D887CEE41ED4A189003154C7 /* dropdown@2x.png */,
				D887CEE51ED4A189003154C7 /* dropdown@3x.png */,
				D887CEE61ED4A189003154C7 /* invisible.png */,
				D887CEE71ED4A189003154C7 /* invisible@2x.png */,
				D887CEE81ED4A189003154C7 /* invisible@3x.png */,
				D887CEE91ED4A189003154C7 /* visible.png */,
				D887CEEA1ED4A189003154C7 /* visible@2x.png */,
				D887CEEB1ED4A189003154C7 /* visible@3x.png */,
			);
			path = Images;
			sourceTree = "<group>";
		};
/* End PBXGroup section */

/* Begin PBXNativeTarget section */
		D887CECB1ED4A0BD003154C7 /* UIFloatPHTextField */ = {
			isa = PBXNativeTarget;
			buildConfigurationList = D887CEDE1ED4A0BE003154C7 /* Build configuration list for PBXNativeTarget "UIFloatPHTextField" */;
			buildPhases = (
				D887CEC81ED4A0BD003154C7 /* Sources */,
				D887CEC91ED4A0BD003154C7 /* Frameworks */,
				D887CECA1ED4A0BD003154C7 /* Resources */,
			);
			buildRules = (
			);
			dependencies = (
			);
			name = UIFloatPHTextField;
			productName = UIFloatPHTextField;
			productReference = D887CECC1ED4A0BD003154C7 /* UIFloatPHTextField.app */;
			productType = "com.apple.product-type.application";
		};
/* End PBXNativeTarget section */

/* Begin PBXProject section */
		D887CEC41ED4A0BD003154C7 /* Project object */ = {
			isa = PBXProject;
			attributes = {
				LastSwiftUpdateCheck = 0830;
				LastUpgradeCheck = 0830;
				ORGANIZATIONNAME = sawijaya;
				TargetAttributes = {
					D887CECB1ED4A0BD003154C7 = {
						CreatedOnToolsVersion = 8.3.2;
						DevelopmentTeam = V635E64Q63;
						ProvisioningStyle = Automatic;
					};
				};
			};
			buildConfigurationList = D887CEC71ED4A0BD003154C7 /* Build configuration list for PBXProject "UIFloatPHTextField" */;
			compatibilityVersion = "Xcode 3.2";
			developmentRegion = English;
			hasScannedForEncodings = 0;
			knownRegions = (
				en,
				Base,
			);
			mainGroup = D887CEC31ED4A0BD003154C7;
			productRefGroup = D887CECD1ED4A0BD003154C7 /* Products */;
			projectDirPath = "";
			projectRoot = "";
			targets = (
				D887CECB1ED4A0BD003154C7 /* UIFloatPHTextField */,
			);
		};
/* End PBXProject section */

/* Begin PBXResourcesBuildPhase section */
		D887CECA1ED4A0BD003154C7 /* Resources */ = {
			isa = PBXResourcesBuildPhase;
			buildActionMask = 2147483647;
			files = (
				D887CEEF1ED4A189003154C7 /* dropdown@2x.png in Resources */,
				D887CEF51ED4A189003154C7 /* visible@2x.png in Resources */,
				D887CEEE1ED4A189003154C7 /* dropdown.png in Resources */,
				D887CEF21ED4A189003154C7 /* invisible@2x.png in Resources */,
				D887CEFB1ED57173003154C7 /* Default@2x.png in Resources */,
				D887CEFC1ED57173003154C7 /* Default-568h@2x.png in Resources */,
				D887CEF01ED4A189003154C7 /* dropdown@3x.png in Resources */,
				D887CEF31ED4A189003154C7 /* invisible@3x.png in Resources */,
				D887CEF61ED4A189003154C7 /* visible@3x.png in Resources */,
				D887CEF11ED4A189003154C7 /* invisible.png in Resources */,
				D887CEDA1ED4A0BE003154C7 /* LaunchScreen.storyboard in Resources */,
				D887CED71ED4A0BE003154C7 /* Assets.xcassets in Resources */,
				D887CEF41ED4A189003154C7 /* visible.png in Resources */,
				D887CED51ED4A0BE003154C7 /* Main.storyboard in Resources */,
			);
			runOnlyForDeploymentPostprocessing = 0;
		};
/* End PBXResourcesBuildPhase section */

/* Begin PBXSourcesBuildPhase section */
		D887CEC81ED4A0BD003154C7 /* Sources */ = {
			isa = PBXSourcesBuildPhase;
			buildActionMask = 2147483647;
			files = (
				D887CEF81ED4A189003154C7 /* UIFloatPHTextfield.swift in Sources */,
				D887CEF71ED4A189003154C7 /* UIDropdownTextField.swift in Sources */,
				D887CED21ED4A0BE003154C7 /* ViewController.swift in Sources */,
				D887CED01ED4A0BE003154C7 /* AppDelegate.swift in Sources */,
			);
			runOnlyForDeploymentPostprocessing = 0;
		};
/* End PBXSourcesBuildPhase section */

/* Begin PBXVariantGroup section */
		D887CED31ED4A0BE003154C7 /* Main.storyboard */ = {
			isa = PBXVariantGroup;
			children = (
				D887CED41ED4A0BE003154C7 /* Base */,
			);
			name = Main.storyboard;
			sourceTree = "<group>";
		};
		D887CED81ED4A0BE003154C7 /* LaunchScreen.storyboard */ = {
			isa = PBXVariantGroup;
			children = (
				D887CED91ED4A0BE003154C7 /* Base */,
			);
			name = LaunchScreen.storyboard;
			sourceTree = "<group>";
		};
/* End PBXVariantGroup section */

/* Begin XCBuildConfiguration section */
		D887CEDC1ED4A0BE003154C7 /* Debug */ = {
			isa = XCBuildConfiguration;
			buildSettings = {
				ALWAYS_SEARCH_USER_PATHS = NO;
				CLANG_ANALYZER_NONNULL = YES;
				CLANG_ANALYZER_NUMBER_OBJECT_CONVERSION = YES_AGGRESSIVE;
				CLANG_CXX_LANGUAGE_STANDARD = "gnu++0x";
				CLANG_CXX_LIBRARY = "libc++";
				CLANG_ENABLE_MODULES = YES;
				CLANG_ENABLE_OBJC_ARC = YES;
				CLANG_WARN_BOOL_CONVERSION = YES;
				CLANG_WARN_CONSTANT_CONVERSION = YES;
				CLANG_WARN_DIRECT_OBJC_ISA_USAGE = YES_ERROR;
				CLANG_WARN_DOCUMENTATION_COMMENTS = YES;
				CLANG_WARN_EMPTY_BODY = YES;
				CLANG_WARN_ENUM_CONVERSION = YES;
				CLANG_WARN_INFINITE_RECURSION = YES;
				CLANG_WARN_INT_CONVERSION = YES;
				CLANG_WARN_OBJC_ROOT_CLASS = YES_ERROR;
				CLANG_WARN_SUSPICIOUS_MOVE = YES;
				CLANG_WARN_UNREACHABLE_CODE = YES;
				CLANG_WARN__DUPLICATE_METHOD_MATCH = YES;
				"CODE_SIGN_IDENTITY[sdk=iphoneos*]" = "iPhone Developer";
				COPY_PHASE_STRIP = NO;
				DEBUG_INFORMATION_FORMAT = dwarf;
				ENABLE_STRICT_OBJC_MSGSEND = YES;
				ENABLE_TESTABILITY = YES;
				GCC_C_LANGUAGE_STANDARD = gnu99;
				GCC_DYNAMIC_NO_PIC = NO;
				GCC_NO_COMMON_BLOCKS = YES;
				GCC_OPTIMIZATION_LEVEL = 0;
				GCC_PREPROCESSOR_DEFINITIONS = (
					"DEBUG=1",
					"$(inherited)",
				);
				GCC_WARN_64_TO_32_BIT_CONVERSION = YES;
				GCC_WARN_ABOUT_RETURN_TYPE = YES_ERROR;
				GCC_WARN_UNDECLARED_SELECTOR = YES;
				GCC_WARN_UNINITIALIZED_AUTOS = YES_AGGRESSIVE;
				GCC_WARN_UNUSED_FUNCTION = YES;
				GCC_WARN_UNUSED_VARIABLE = YES;
				IPHONEOS_DEPLOYMENT_TARGET = 10.3;
				MTL_ENABLE_DEBUG_INFO = YES;
				ONLY_ACTIVE_ARCH = YES;
				SDKROOT = iphoneos;
				SWIFT_ACTIVE_COMPILATION_CONDITIONS = DEBUG;
				SWIFT_OPTIMIZATION_LEVEL = "-Onone";
				TARGETED_DEVICE_FAMILY = "1,2";
			};
			name = Debug;
		};
		D887CEDD1ED4A0BE003154C7 /* Release */ = {
			isa = XCBuildConfiguration;
			buildSettings = {
				ALWAYS_SEARCH_USER_PATHS = NO;
				CLANG_ANALYZER_NONNULL = YES;
				CLANG_ANALYZER_NUMBER_OBJECT_CONVERSION = YES_AGGRESSIVE;
				CLANG_CXX_LANGUAGE_STANDARD = "gnu++0x";
				CLANG_CXX_LIBRARY = "libc++";
				CLANG_ENABLE_MODULES = YES;
				CLANG_ENABLE_OBJC_ARC = YES;
				CLANG_WARN_BOOL_CONVERSION = YES;
				CLANG_WARN_CONSTANT_CONVERSION = YES;
				CLANG_WARN_DIRECT_OBJC_ISA_USAGE = YES_ERROR;
				CLANG_WARN_DOCUMENTATION_COMMENTS = YES;
				CLANG_WARN_EMPTY_BODY = YES;
				CLANG_WARN_ENUM_CONVERSION = YES;
				CLANG_WARN_INFINITE_RECURSION = YES;
				CLANG_WARN_INT_CONVERSION = YES;
				CLANG_WARN_OBJC_ROOT_CLASS = YES_ERROR;
				CLANG_WARN_SUSPICIOUS_MOVE = YES;
				CLANG_WARN_UNREACHABLE_CODE = YES;
				CLANG_WARN__DUPLICATE_METHOD_MATCH = YES;
				"CODE_SIGN_IDENTITY[sdk=iphoneos*]" = "iPhone Developer";
				COPY_PHASE_STRIP = NO;
				DEBUG_INFORMATION_FORMAT = "dwarf-with-dsym";
				ENABLE_NS_ASSERTIONS = NO;
				ENABLE_STRICT_OBJC_MSGSEND = YES;
				GCC_C_LANGUAGE_STANDARD = gnu99;
				GCC_NO_COMMON_BLOCKS = YES;
				GCC_WARN_64_TO_32_BIT_CONVERSION = YES;
				GCC_WARN_ABOUT_RETURN_TYPE = YES_ERROR;
				GCC_WARN_UNDECLARED_SELECTOR = YES;
				GCC_WARN_UNINITIALIZED_AUTOS = YES_AGGRESSIVE;
				GCC_WARN_UNUSED_FUNCTION = YES;
				GCC_WARN_UNUSED_VARIABLE = YES;
				IPHONEOS_DEPLOYMENT_TARGET = 10.3;
				MTL_ENABLE_DEBUG_INFO = NO;
				SDKROOT = iphoneos;
				SWIFT_OPTIMIZATION_LEVEL = "-Owholemodule";
				TARGETED_DEVICE_FAMILY = "1,2";
				VALIDATE_PRODUCT = YES;
			};
			name = Release;
		};
		D887CEDF1ED4A0BE003154C7 /* Debug */ = {
			isa = XCBuildConfiguration;
			buildSettings = {
				ASSETCATALOG_COMPILER_APPICON_NAME = AppIcon;
				DEVELOPMENT_TEAM = V635E64Q63;
				INFOPLIST_FILE = UIFloatPHTextField/Info.plist;
				IPHONEOS_DEPLOYMENT_TARGET = 8.0;
				LD_RUNPATH_SEARCH_PATHS = "$(inherited) @executable_path/Frameworks";
				PRODUCT_BUNDLE_IDENTIFIER = lighthouse.UIFloatPHTextField;
				PRODUCT_NAME = "$(TARGET_NAME)";
				SWIFT_VERSION = 3.0;
			};
			name = Debug;
		};
		D887CEE01ED4A0BE003154C7 /* Release */ = {
			isa = XCBuildConfiguration;
			buildSettings = {
				ASSETCATALOG_COMPILER_APPICON_NAME = AppIcon;
				DEVELOPMENT_TEAM = V635E64Q63;
				INFOPLIST_FILE = UIFloatPHTextField/Info.plist;
				IPHONEOS_DEPLOYMENT_TARGET = 8.0;
				LD_RUNPATH_SEARCH_PATHS = "$(inherited) @executable_path/Frameworks";
				PRODUCT_BUNDLE_IDENTIFIER = lighthouse.UIFloatPHTextField;
				PRODUCT_NAME = "$(TARGET_NAME)";
				SWIFT_VERSION = 3.0;
			};
			name = Release;
		};
/* End XCBuildConfiguration section */

/* Begin XCConfigurationList section */
		D887CEC71ED4A0BD003154C7 /* Build configuration list for PBXProject "UIFloatPHTextField" */ = {
			isa = XCConfigurationList;
			buildConfigurations = (
				D887CEDC1ED4A0BE003154C7 /* Debug */,
				D887CEDD1ED4A0BE003154C7 /* Release */,
			);
			defaultConfigurationIsVisible = 0;
			defaultConfigurationName = Release;
		};
		D887CEDE1ED4A0BE003154C7 /* Build configuration list for PBXNativeTarget "UIFloatPHTextField" */ = {
			isa = XCConfigurationList;
			buildConfigurations = (
				D887CEDF1ED4A0BE003154C7 /* Debug */,
				D887CEE01ED4A0BE003154C7 /* Release */,
			);
			defaultConfigurationIsVisible = 0;
			defaultConfigurationName = Release;
		};
/* End XCConfigurationList section */
	};
	rootObject = D887CEC41ED4A0BD003154C7 /* Project object */;
}
